
Microsoft Visual Studio Solution File, Format Version 12.00
# Visual Studio Version 17
VisualStudioVersion = 17.1.32421.90
MinimumVisualStudioVersion = 10.0.40219.1
Project("{9A19103F-16F7-4668-BE54-9A1E7A4F7556}") = "TestKSeF2", "TestKSeF2\TestKSeF2.csproj", "{59DA6406-D075-42BC-A4BC-4728EF18D90C}"
EndProject
Project("{54435603-DBB4-11D2-8724-00A0C9A8B90C}") = "GbbKSeFSetup", "GbbKSeFSetup\GbbKSeFSetup.vdproj", "{D472CC28-60D8-4A88-9DFE-80658C4F88C6}"
EndProject
Global
	GlobalSection(SolutionConfigurationPlatforms) = preSolution
		Debug|Any CPU = Debug|Any CPU
		Release|Any CPU = Release|Any CPU
	EndGlobalSection
	GlobalSection(ProjectConfigurationPlatforms) = postSolution
		{59DA6406-D075-42BC-A4BC-4728EF18D90C}.Debug|Any CPU.ActiveCfg = Debug|Any CPU
		{59DA6406-D075-42BC-A4BC-4728EF18D90C}.Debug|Any CPU.Build.0 = Debug|Any CPU
		{59DA6406-D075-42BC-A4BC-4728EF18D90C}.Release|Any CPU.ActiveCfg = Release|Any CPU
		{59DA6406-D075-42BC-A4BC-4728EF18D90C}.Release|Any CPU.Build.0 = Release|Any CPU
		{D472CC28-60D8-4A88-9DFE-80658C4F88C6}.Debug|Any CPU.ActiveCfg = Debug
		{D472CC28-60D8-4A88-9DFE-80658C4F88C6}.Release|Any CPU.ActiveCfg = Release
	EndGlobalSection
	GlobalSection(SolutionProperties) = preSolution
		HideSolutionNode = FALSE
	EndGlobalSection
	GlobalSection(ExtensibilityGlobals) = postSolution
		SolutionGuid = {1D518229-A04F-4DA1-8F3B-C8D0C5A3125A}
	EndGlobalSection
EndGlobal
